// !$*UTF8*$!
{
	archiveVersion = 1;
	classes = {
	};
	objectVersion = 46;
	objects = {

/* Begin PBXBuildFile section */
		006D0AECC8ABD614424B8332 /* Pods_HackMatchTests.framework in Frameworks */ = {isa = PBXBuildFile; fileRef = 6F4A6E781EDF1ABB4C98A561 /* Pods_HackMatchTests.framework */; };
		42078DFA7A34118EE464256F /* Pods_HackMatch.framework in Frameworks */ = {isa = PBXBuildFile; fileRef = C28B4E356FDD25B818F9D3F9 /* Pods_HackMatch.framework */; };
		7B3ED0721D84D4A700C1BFCF /* AppDelegate.swift in Sources */ = {isa = PBXBuildFile; fileRef = 7B3ED0711D84D4A700C1BFCF /* AppDelegate.swift */; };
		7B3ED0741D84D4A700C1BFCF /* ViewController.swift in Sources */ = {isa = PBXBuildFile; fileRef = 7B3ED0731D84D4A700C1BFCF /* ViewController.swift */; };
		7B3ED0771D84D4A700C1BFCF /* Main.storyboard in Resources */ = {isa = PBXBuildFile; fileRef = 7B3ED0751D84D4A700C1BFCF /* Main.storyboard */; };
		7B3ED0791D84D4A700C1BFCF /* Assets.xcassets in Resources */ = {isa = PBXBuildFile; fileRef = 7B3ED0781D84D4A700C1BFCF /* Assets.xcassets */; };
		7B3ED07C1D84D4A700C1BFCF /* LaunchScreen.storyboard in Resources */ = {isa = PBXBuildFile; fileRef = 7B3ED07A1D84D4A700C1BFCF /* LaunchScreen.storyboard */; };
		7B3ED0871D84D4A700C1BFCF /* HackMatchTests.swift in Sources */ = {isa = PBXBuildFile; fileRef = 7B3ED0861D84D4A700C1BFCF /* HackMatchTests.swift */; };
		7B3ED0921D84D4A700C1BFCF /* HackMatchUITests.swift in Sources */ = {isa = PBXBuildFile; fileRef = 7B3ED0911D84D4A700C1BFCF /* HackMatchUITests.swift */; };
		7B3ED0A41D84D7B400C1BFCF /* User.swift in Sources */ = {isa = PBXBuildFile; fileRef = 7B3ED0A31D84D7B400C1BFCF /* User.swift */; };
		7B3ED0A61D84D85B00C1BFCF /* Project.swift in Sources */ = {isa = PBXBuildFile; fileRef = 7B3ED0A51D84D85B00C1BFCF /* Project.swift */; };
		7B3ED0A81D84D87100C1BFCF /* Role.swift in Sources */ = {isa = PBXBuildFile; fileRef = 7B3ED0A71D84D87100C1BFCF /* Role.swift */; };
		7B3ED0AA1D84D88D00C1BFCF /* Skill.swift in Sources */ = {isa = PBXBuildFile; fileRef = 7B3ED0A91D84D88D00C1BFCF /* Skill.swift */; };
		7B3ED0AC1D84D9A300C1BFCF /* Hack.swift in Sources */ = {isa = PBXBuildFile; fileRef = 7B3ED0AB1D84D9A300C1BFCF /* Hack.swift */; };
		7B3ED0B01D8512CC00C1BFCF /* UserDO.swift in Sources */ = {isa = PBXBuildFile; fileRef = 7B3ED0AF1D8512CC00C1BFCF /* UserDO.swift */; };
		7B3ED0B31D85132800C1BFCF /* Constants.swift in Sources */ = {isa = PBXBuildFile; fileRef = 7B3ED0B21D85132800C1BFCF /* Constants.swift */; };
		7B3ED0B51D85141400C1BFCF /* SkillDO.swift in Sources */ = {isa = PBXBuildFile; fileRef = 7B3ED0B41D85141400C1BFCF /* SkillDO.swift */; };
		7B3ED0B71D85244900C1BFCF /* RoleDO.swift in Sources */ = {isa = PBXBuildFile; fileRef = 7B3ED0B61D85244900C1BFCF /* RoleDO.swift */; };
		7B3ED0B91D8524C500C1BFCF /* HackDO.swift in Sources */ = {isa = PBXBuildFile; fileRef = 7B3ED0B81D8524C500C1BFCF /* HackDO.swift */; };
		7B3ED0BB1D8524FD00C1BFCF /* ProjectDO.swift in Sources */ = {isa = PBXBuildFile; fileRef = 7B3ED0BA1D8524FD00C1BFCF /* ProjectDO.swift */; };
		7B3ED0BE1D85284F00C1BFCF /* HackUserRelationDO.swift in Sources */ = {isa = PBXBuildFile; fileRef = 7B3ED0BD1D85284F00C1BFCF /* HackUserRelationDO.swift */; };
		7B3ED0C11D85332E00C1BFCF /* HacksViewController.swift in Sources */ = {isa = PBXBuildFile; fileRef = 7B3ED0C01D85332E00C1BFCF /* HacksViewController.swift */; };
		7B3ED0C31D8533B500C1BFCF /* HackDetailsViewController.swift in Sources */ = {isa = PBXBuildFile; fileRef = 7B3ED0C21D8533B500C1BFCF /* HackDetailsViewController.swift */; };
		7B3ED0C51D8533CF00C1BFCF /* ProjectsViewController.swift in Sources */ = {isa = PBXBuildFile; fileRef = 7B3ED0C41D8533CF00C1BFCF /* ProjectsViewController.swift */; };
		7B3ED0C71D8533DD00C1BFCF /* ParticipantsViewController.swift in Sources */ = {isa = PBXBuildFile; fileRef = 7B3ED0C61D8533DD00C1BFCF /* ParticipantsViewController.swift */; };
		7B3ED0C91D8533ED00C1BFCF /* ProjectDetailsViewController.swift in Sources */ = {isa = PBXBuildFile; fileRef = 7B3ED0C81D8533ED00C1BFCF /* ProjectDetailsViewController.swift */; };
		7B3ED0CB1D8533FD00C1BFCF /* ParticipantDetailsViewController.swift in Sources */ = {isa = PBXBuildFile; fileRef = 7B3ED0CA1D8533FD00C1BFCF /* ParticipantDetailsViewController.swift */; };
		7B3ED0CD1D85348400C1BFCF /* Hack.storyboard in Resources */ = {isa = PBXBuildFile; fileRef = 7B3ED0CC1D85348400C1BFCF /* Hack.storyboard */; };
		7B3ED0CF1D85349000C1BFCF /* Project.storyboard in Resources */ = {isa = PBXBuildFile; fileRef = 7B3ED0CE1D85349000C1BFCF /* Project.storyboard */; };
		7B3ED0D11D8534C000C1BFCF /* User.storyboard in Resources */ = {isa = PBXBuildFile; fileRef = 7B3ED0D01D8534C000C1BFCF /* User.storyboard */; };
		7B3ED0D51D85359300C1BFCF /* HackCell.swift in Sources */ = {isa = PBXBuildFile; fileRef = 7B3ED0D41D85359300C1BFCF /* HackCell.swift */; };
		7B3ED0D81D85416200C1BFCF /* HackManager.swift in Sources */ = {isa = PBXBuildFile; fileRef = 7B3ED0D71D85416200C1BFCF /* HackManager.swift */; };
		7B3ED0DA1D85417E00C1BFCF /* HackMapper.swift in Sources */ = {isa = PBXBuildFile; fileRef = 7B3ED0D91D85417E00C1BFCF /* HackMapper.swift */; };
		7B3ED0DC1D85419E00C1BFCF /* ParseDAO.swift in Sources */ = {isa = PBXBuildFile; fileRef = 7B3ED0DB1D85419E00C1BFCF /* ParseDAO.swift */; };
		7B3ED0DE1D85553300C1BFCF /* ParseContext.swift in Sources */ = {isa = PBXBuildFile; fileRef = 7B3ED0DD1D85553300C1BFCF /* ParseContext.swift */; };
		7B3ED0E01D856BE100C1BFCF /* ProjectManager.swift in Sources */ = {isa = PBXBuildFile; fileRef = 7B3ED0DF1D856BE100C1BFCF /* ProjectManager.swift */; };
		7B3ED0E21D856BEB00C1BFCF /* ProjectMapper.swift in Sources */ = {isa = PBXBuildFile; fileRef = 7B3ED0E11D856BEB00C1BFCF /* ProjectMapper.swift */; };
		7B3ED0E41D856BF900C1BFCF /* UserManager.swift in Sources */ = {isa = PBXBuildFile; fileRef = 7B3ED0E31D856BF900C1BFCF /* UserManager.swift */; };
		7B3ED0E61D856C0800C1BFCF /* UserMapper.swift in Sources */ = {isa = PBXBuildFile; fileRef = 7B3ED0E51D856C0800C1BFCF /* UserMapper.swift */; };
		7B3ED0E81D85735400C1BFCF /* HackUserManager.swift in Sources */ = {isa = PBXBuildFile; fileRef = 7B3ED0E71D85735400C1BFCF /* HackUserManager.swift */; };
		7B3ED0EC1D85CB8D00C1BFCF /* ProjectCell.swift in Sources */ = {isa = PBXBuildFile; fileRef = 7B3ED0EB1D85CB8D00C1BFCF /* ProjectCell.swift */; };
		7B3ED0F01D85CBDF00C1BFCF /* ParticipantCell.swift in Sources */ = {isa = PBXBuildFile; fileRef = 7B3ED0EF1D85CBDF00C1BFCF /* ParticipantCell.swift */; };
		CCB1A9220BD6CC9BD9697E9B /* Pods_HackMatchUITests.framework in Frameworks */ = {isa = PBXBuildFile; fileRef = F32FD25CACE0D40ADF40B469 /* Pods_HackMatchUITests.framework */; };
/* End PBXBuildFile section */

/* Begin PBXContainerItemProxy section */
		7B3ED0831D84D4A700C1BFCF /* PBXContainerItemProxy */ = {
			isa = PBXContainerItemProxy;
			containerPortal = 7B3ED0661D84D4A700C1BFCF /* Project object */;
			proxyType = 1;
			remoteGlobalIDString = 7B3ED06D1D84D4A700C1BFCF;
			remoteInfo = HackMatch;
		};
		7B3ED08E1D84D4A700C1BFCF /* PBXContainerItemProxy */ = {
			isa = PBXContainerItemProxy;
			containerPortal = 7B3ED0661D84D4A700C1BFCF /* Project object */;
			proxyType = 1;
			remoteGlobalIDString = 7B3ED06D1D84D4A700C1BFCF;
			remoteInfo = HackMatch;
		};
/* End PBXContainerItemProxy section */

/* Begin PBXFileReference section */
		0F9B409D6D1A00C64234BA0C /* Pods-HackMatch.release.xcconfig */ = {isa = PBXFileReference; includeInIndex = 1; lastKnownFileType = text.xcconfig; name = "Pods-HackMatch.release.xcconfig"; path = "Pods/Target Support Files/Pods-HackMatch/Pods-HackMatch.release.xcconfig"; sourceTree = "<group>"; };
		2141FDFE76293225CD5CC5C5 /* Pods-HackMatchTests.debug.xcconfig */ = {isa = PBXFileReference; includeInIndex = 1; lastKnownFileType = text.xcconfig; name = "Pods-HackMatchTests.debug.xcconfig"; path = "Pods/Target Support Files/Pods-HackMatchTests/Pods-HackMatchTests.debug.xcconfig"; sourceTree = "<group>"; };
		440CDFFEDDB3F9F083569117 /* Pods-HackMatchTests.release.xcconfig */ = {isa = PBXFileReference; includeInIndex = 1; lastKnownFileType = text.xcconfig; name = "Pods-HackMatchTests.release.xcconfig"; path = "Pods/Target Support Files/Pods-HackMatchTests/Pods-HackMatchTests.release.xcconfig"; sourceTree = "<group>"; };
		6F4A6E781EDF1ABB4C98A561 /* Pods_HackMatchTests.framework */ = {isa = PBXFileReference; explicitFileType = wrapper.framework; includeInIndex = 0; path = Pods_HackMatchTests.framework; sourceTree = BUILT_PRODUCTS_DIR; };
		758025C5D905D02ED439CE71 /* Pods-HackMatchUITests.debug.xcconfig */ = {isa = PBXFileReference; includeInIndex = 1; lastKnownFileType = text.xcconfig; name = "Pods-HackMatchUITests.debug.xcconfig"; path = "Pods/Target Support Files/Pods-HackMatchUITests/Pods-HackMatchUITests.debug.xcconfig"; sourceTree = "<group>"; };
		7B3ED06E1D84D4A700C1BFCF /* HackMatch.app */ = {isa = PBXFileReference; explicitFileType = wrapper.application; includeInIndex = 0; path = HackMatch.app; sourceTree = BUILT_PRODUCTS_DIR; };
		7B3ED0711D84D4A700C1BFCF /* AppDelegate.swift */ = {isa = PBXFileReference; lastKnownFileType = sourcecode.swift; path = AppDelegate.swift; sourceTree = "<group>"; };
		7B3ED0731D84D4A700C1BFCF /* ViewController.swift */ = {isa = PBXFileReference; lastKnownFileType = sourcecode.swift; path = ViewController.swift; sourceTree = "<group>"; };
		7B3ED0761D84D4A700C1BFCF /* Base */ = {isa = PBXFileReference; lastKnownFileType = file.storyboard; name = Base; path = Base.lproj/Main.storyboard; sourceTree = "<group>"; };
		7B3ED0781D84D4A700C1BFCF /* Assets.xcassets */ = {isa = PBXFileReference; lastKnownFileType = folder.assetcatalog; path = Assets.xcassets; sourceTree = "<group>"; };
		7B3ED07B1D84D4A700C1BFCF /* Base */ = {isa = PBXFileReference; lastKnownFileType = file.storyboard; name = Base; path = Base.lproj/LaunchScreen.storyboard; sourceTree = "<group>"; };
		7B3ED07D1D84D4A700C1BFCF /* Info.plist */ = {isa = PBXFileReference; lastKnownFileType = text.plist.xml; path = Info.plist; sourceTree = "<group>"; };
		7B3ED0821D84D4A700C1BFCF /* HackMatchTests.xctest */ = {isa = PBXFileReference; explicitFileType = wrapper.cfbundle; includeInIndex = 0; path = HackMatchTests.xctest; sourceTree = BUILT_PRODUCTS_DIR; };
		7B3ED0861D84D4A700C1BFCF /* HackMatchTests.swift */ = {isa = PBXFileReference; lastKnownFileType = sourcecode.swift; path = HackMatchTests.swift; sourceTree = "<group>"; };
		7B3ED0881D84D4A700C1BFCF /* Info.plist */ = {isa = PBXFileReference; lastKnownFileType = text.plist.xml; path = Info.plist; sourceTree = "<group>"; };
		7B3ED08D1D84D4A700C1BFCF /* HackMatchUITests.xctest */ = {isa = PBXFileReference; explicitFileType = wrapper.cfbundle; includeInIndex = 0; path = HackMatchUITests.xctest; sourceTree = BUILT_PRODUCTS_DIR; };
		7B3ED0911D84D4A700C1BFCF /* HackMatchUITests.swift */ = {isa = PBXFileReference; lastKnownFileType = sourcecode.swift; path = HackMatchUITests.swift; sourceTree = "<group>"; };
		7B3ED0931D84D4A700C1BFCF /* Info.plist */ = {isa = PBXFileReference; lastKnownFileType = text.plist.xml; path = Info.plist; sourceTree = "<group>"; };
		7B3ED0A31D84D7B400C1BFCF /* User.swift */ = {isa = PBXFileReference; fileEncoding = 4; lastKnownFileType = sourcecode.swift; path = User.swift; sourceTree = "<group>"; };
		7B3ED0A51D84D85B00C1BFCF /* Project.swift */ = {isa = PBXFileReference; fileEncoding = 4; lastKnownFileType = sourcecode.swift; path = Project.swift; sourceTree = "<group>"; };
		7B3ED0A71D84D87100C1BFCF /* Role.swift */ = {isa = PBXFileReference; fileEncoding = 4; lastKnownFileType = sourcecode.swift; path = Role.swift; sourceTree = "<group>"; };
		7B3ED0A91D84D88D00C1BFCF /* Skill.swift */ = {isa = PBXFileReference; fileEncoding = 4; lastKnownFileType = sourcecode.swift; path = Skill.swift; sourceTree = "<group>"; };
		7B3ED0AB1D84D9A300C1BFCF /* Hack.swift */ = {isa = PBXFileReference; fileEncoding = 4; lastKnownFileType = sourcecode.swift; path = Hack.swift; sourceTree = "<group>"; };
		7B3ED0AF1D8512CC00C1BFCF /* UserDO.swift */ = {isa = PBXFileReference; fileEncoding = 4; lastKnownFileType = sourcecode.swift; path = UserDO.swift; sourceTree = "<group>"; };
		7B3ED0B21D85132800C1BFCF /* Constants.swift */ = {isa = PBXFileReference; fileEncoding = 4; lastKnownFileType = sourcecode.swift; path = Constants.swift; sourceTree = "<group>"; };
		7B3ED0B41D85141400C1BFCF /* SkillDO.swift */ = {isa = PBXFileReference; fileEncoding = 4; lastKnownFileType = sourcecode.swift; path = SkillDO.swift; sourceTree = "<group>"; };
		7B3ED0B61D85244900C1BFCF /* RoleDO.swift */ = {isa = PBXFileReference; fileEncoding = 4; lastKnownFileType = sourcecode.swift; path = RoleDO.swift; sourceTree = "<group>"; };
		7B3ED0B81D8524C500C1BFCF /* HackDO.swift */ = {isa = PBXFileReference; fileEncoding = 4; lastKnownFileType = sourcecode.swift; path = HackDO.swift; sourceTree = "<group>"; };
		7B3ED0BA1D8524FD00C1BFCF /* ProjectDO.swift */ = {isa = PBXFileReference; fileEncoding = 4; lastKnownFileType = sourcecode.swift; path = ProjectDO.swift; sourceTree = "<group>"; };
		7B3ED0BD1D85284F00C1BFCF /* HackUserRelationDO.swift */ = {isa = PBXFileReference; fileEncoding = 4; lastKnownFileType = sourcecode.swift; path = HackUserRelationDO.swift; sourceTree = "<group>"; };
		7B3ED0C01D85332E00C1BFCF /* HacksViewController.swift */ = {isa = PBXFileReference; fileEncoding = 4; lastKnownFileType = sourcecode.swift; path = HacksViewController.swift; sourceTree = "<group>"; };
		7B3ED0C21D8533B500C1BFCF /* HackDetailsViewController.swift */ = {isa = PBXFileReference; fileEncoding = 4; lastKnownFileType = sourcecode.swift; path = HackDetailsViewController.swift; sourceTree = "<group>"; };
		7B3ED0C41D8533CF00C1BFCF /* ProjectsViewController.swift */ = {isa = PBXFileReference; fileEncoding = 4; lastKnownFileType = sourcecode.swift; path = ProjectsViewController.swift; sourceTree = "<group>"; };
		7B3ED0C61D8533DD00C1BFCF /* ParticipantsViewController.swift */ = {isa = PBXFileReference; fileEncoding = 4; lastKnownFileType = sourcecode.swift; path = ParticipantsViewController.swift; sourceTree = "<group>"; };
		7B3ED0C81D8533ED00C1BFCF /* ProjectDetailsViewController.swift */ = {isa = PBXFileReference; fileEncoding = 4; lastKnownFileType = sourcecode.swift; path = ProjectDetailsViewController.swift; sourceTree = "<group>"; };
		7B3ED0CA1D8533FD00C1BFCF /* ParticipantDetailsViewController.swift */ = {isa = PBXFileReference; fileEncoding = 4; lastKnownFileType = sourcecode.swift; path = ParticipantDetailsViewController.swift; sourceTree = "<group>"; };
		7B3ED0CC1D85348400C1BFCF /* Hack.storyboard */ = {isa = PBXFileReference; fileEncoding = 4; lastKnownFileType = file.storyboard; path = Hack.storyboard; sourceTree = "<group>"; };
		7B3ED0CE1D85349000C1BFCF /* Project.storyboard */ = {isa = PBXFileReference; fileEncoding = 4; lastKnownFileType = file.storyboard; path = Project.storyboard; sourceTree = "<group>"; };
		7B3ED0D01D8534C000C1BFCF /* User.storyboard */ = {isa = PBXFileReference; fileEncoding = 4; lastKnownFileType = file.storyboard; path = User.storyboard; sourceTree = "<group>"; };
		7B3ED0D41D85359300C1BFCF /* HackCell.swift */ = {isa = PBXFileReference; fileEncoding = 4; lastKnownFileType = sourcecode.swift; path = HackCell.swift; sourceTree = "<group>"; };
		7B3ED0D71D85416200C1BFCF /* HackManager.swift */ = {isa = PBXFileReference; fileEncoding = 4; lastKnownFileType = sourcecode.swift; path = HackManager.swift; sourceTree = "<group>"; };
		7B3ED0D91D85417E00C1BFCF /* HackMapper.swift */ = {isa = PBXFileReference; fileEncoding = 4; lastKnownFileType = sourcecode.swift; path = HackMapper.swift; sourceTree = "<group>"; };
		7B3ED0DB1D85419E00C1BFCF /* ParseDAO.swift */ = {isa = PBXFileReference; fileEncoding = 4; lastKnownFileType = sourcecode.swift; path = ParseDAO.swift; sourceTree = "<group>"; };
		7B3ED0DD1D85553300C1BFCF /* ParseContext.swift */ = {isa = PBXFileReference; fileEncoding = 4; lastKnownFileType = sourcecode.swift; path = ParseContext.swift; sourceTree = "<group>"; };
		7B3ED0DF1D856BE100C1BFCF /* ProjectManager.swift */ = {isa = PBXFileReference; fileEncoding = 4; lastKnownFileType = sourcecode.swift; path = ProjectManager.swift; sourceTree = "<group>"; };
		7B3ED0E11D856BEB00C1BFCF /* ProjectMapper.swift */ = {isa = PBXFileReference; fileEncoding = 4; lastKnownFileType = sourcecode.swift; path = ProjectMapper.swift; sourceTree = "<group>"; };
		7B3ED0E31D856BF900C1BFCF /* UserManager.swift */ = {isa = PBXFileReference; fileEncoding = 4; lastKnownFileType = sourcecode.swift; path = UserManager.swift; sourceTree = "<group>"; };
		7B3ED0E51D856C0800C1BFCF /* UserMapper.swift */ = {isa = PBXFileReference; fileEncoding = 4; lastKnownFileType = sourcecode.swift; path = UserMapper.swift; sourceTree = "<group>"; };
		7B3ED0E71D85735400C1BFCF /* HackUserManager.swift */ = {isa = PBXFileReference; fileEncoding = 4; lastKnownFileType = sourcecode.swift; path = HackUserManager.swift; sourceTree = "<group>"; };
		7B3ED0EB1D85CB8D00C1BFCF /* ProjectCell.swift */ = {isa = PBXFileReference; fileEncoding = 4; lastKnownFileType = sourcecode.swift; path = ProjectCell.swift; sourceTree = "<group>"; };
		7B3ED0EF1D85CBDF00C1BFCF /* ParticipantCell.swift */ = {isa = PBXFileReference; fileEncoding = 4; lastKnownFileType = sourcecode.swift; path = ParticipantCell.swift; sourceTree = "<group>"; };
		C28B4E356FDD25B818F9D3F9 /* Pods_HackMatch.framework */ = {isa = PBXFileReference; explicitFileType = wrapper.framework; includeInIndex = 0; path = Pods_HackMatch.framework; sourceTree = BUILT_PRODUCTS_DIR; };
		C9C33A0D611CD492E0EA0625 /* Pods-HackMatch.debug.xcconfig */ = {isa = PBXFileReference; includeInIndex = 1; lastKnownFileType = text.xcconfig; name = "Pods-HackMatch.debug.xcconfig"; path = "Pods/Target Support Files/Pods-HackMatch/Pods-HackMatch.debug.xcconfig"; sourceTree = "<group>"; };
		F32FD25CACE0D40ADF40B469 /* Pods_HackMatchUITests.framework */ = {isa = PBXFileReference; explicitFileType = wrapper.framework; includeInIndex = 0; path = Pods_HackMatchUITests.framework; sourceTree = BUILT_PRODUCTS_DIR; };
		F7B80A97228F4A809B6BBE5F /* Pods-HackMatchUITests.release.xcconfig */ = {isa = PBXFileReference; includeInIndex = 1; lastKnownFileType = text.xcconfig; name = "Pods-HackMatchUITests.release.xcconfig"; path = "Pods/Target Support Files/Pods-HackMatchUITests/Pods-HackMatchUITests.release.xcconfig"; sourceTree = "<group>"; };
/* End PBXFileReference section */

/* Begin PBXFrameworksBuildPhase section */
		7B3ED06B1D84D4A700C1BFCF /* Frameworks */ = {
			isa = PBXFrameworksBuildPhase;
			buildActionMask = 2147483647;
			files = (
				42078DFA7A34118EE464256F /* Pods_HackMatch.framework in Frameworks */,
			);
			runOnlyForDeploymentPostprocessing = 0;
		};
		7B3ED07F1D84D4A700C1BFCF /* Frameworks */ = {
			isa = PBXFrameworksBuildPhase;
			buildActionMask = 2147483647;
			files = (
				006D0AECC8ABD614424B8332 /* Pods_HackMatchTests.framework in Frameworks */,
			);
			runOnlyForDeploymentPostprocessing = 0;
		};
		7B3ED08A1D84D4A700C1BFCF /* Frameworks */ = {
			isa = PBXFrameworksBuildPhase;
			buildActionMask = 2147483647;
			files = (
				CCB1A9220BD6CC9BD9697E9B /* Pods_HackMatchUITests.framework in Frameworks */,
			);
			runOnlyForDeploymentPostprocessing = 0;
		};
/* End PBXFrameworksBuildPhase section */

/* Begin PBXGroup section */
		0A9D3D7B6935D62FD1FEDFEF /* Frameworks */ = {
			isa = PBXGroup;
			children = (
				C28B4E356FDD25B818F9D3F9 /* Pods_HackMatch.framework */,
				6F4A6E781EDF1ABB4C98A561 /* Pods_HackMatchTests.framework */,
				F32FD25CACE0D40ADF40B469 /* Pods_HackMatchUITests.framework */,
			);
			name = Frameworks;
			sourceTree = "<group>";
		};
		3D944B876D1232ABA51DB441 /* Pods */ = {
			isa = PBXGroup;
			children = (
				C9C33A0D611CD492E0EA0625 /* Pods-HackMatch.debug.xcconfig */,
				0F9B409D6D1A00C64234BA0C /* Pods-HackMatch.release.xcconfig */,
				2141FDFE76293225CD5CC5C5 /* Pods-HackMatchTests.debug.xcconfig */,
				440CDFFEDDB3F9F083569117 /* Pods-HackMatchTests.release.xcconfig */,
				758025C5D905D02ED439CE71 /* Pods-HackMatchUITests.debug.xcconfig */,
				F7B80A97228F4A809B6BBE5F /* Pods-HackMatchUITests.release.xcconfig */,
			);
			name = Pods;
			sourceTree = "<group>";
		};
		7B3ED0651D84D4A700C1BFCF = {
			isa = PBXGroup;
			children = (
				7B3ED0701D84D4A700C1BFCF /* HackMatch */,
				7B3ED0851D84D4A700C1BFCF /* HackMatchTests */,
				7B3ED0901D84D4A700C1BFCF /* HackMatchUITests */,
				7B3ED06F1D84D4A700C1BFCF /* Products */,
				3D944B876D1232ABA51DB441 /* Pods */,
				0A9D3D7B6935D62FD1FEDFEF /* Frameworks */,
			);
			sourceTree = "<group>";
		};
		7B3ED06F1D84D4A700C1BFCF /* Products */ = {
			isa = PBXGroup;
			children = (
				7B3ED06E1D84D4A700C1BFCF /* HackMatch.app */,
				7B3ED0821D84D4A700C1BFCF /* HackMatchTests.xctest */,
				7B3ED08D1D84D4A700C1BFCF /* HackMatchUITests.xctest */,
			);
			name = Products;
			sourceTree = "<group>";
		};
		7B3ED0701D84D4A700C1BFCF /* HackMatch */ = {
			isa = PBXGroup;
			children = (
				7B3ED0D61D853D3300C1BFCF /* Manager */,
				7B3ED0BF1D852EF200C1BFCF /* Mapper */,
				7B3ED0B11D85131E00C1BFCF /* Util */,
				7B3ED0AD1D85129E00C1BFCF /* Storyboard */,
				7B3ED0A21D84D79200C1BFCF /* Datastore */,
				7B3ED0A11D84D77800C1BFCF /* View */,
				7B3ED0A01D84D76500C1BFCF /* Controller */,
				7B3ED09F1D84D76000C1BFCF /* Model */,
				7B3ED0711D84D4A700C1BFCF /* AppDelegate.swift */,
				7B3ED0731D84D4A700C1BFCF /* ViewController.swift */,
				7B3ED0751D84D4A700C1BFCF /* Main.storyboard */,
				7B3ED0781D84D4A700C1BFCF /* Assets.xcassets */,
				7B3ED07A1D84D4A700C1BFCF /* LaunchScreen.storyboard */,
				7B3ED07D1D84D4A700C1BFCF /* Info.plist */,
			);
			path = HackMatch;
			sourceTree = "<group>";
		};
		7B3ED0851D84D4A700C1BFCF /* HackMatchTests */ = {
			isa = PBXGroup;
			children = (
				7B3ED0861D84D4A700C1BFCF /* HackMatchTests.swift */,
				7B3ED0881D84D4A700C1BFCF /* Info.plist */,
			);
			path = HackMatchTests;
			sourceTree = "<group>";
		};
		7B3ED0901D84D4A700C1BFCF /* HackMatchUITests */ = {
			isa = PBXGroup;
			children = (
				7B3ED0911D84D4A700C1BFCF /* HackMatchUITests.swift */,
				7B3ED0931D84D4A700C1BFCF /* Info.plist */,
			);
			path = HackMatchUITests;
			sourceTree = "<group>";
		};
		7B3ED09F1D84D76000C1BFCF /* Model */ = {
			isa = PBXGroup;
			children = (
				7B3ED0A31D84D7B400C1BFCF /* User.swift */,
				7B3ED0A51D84D85B00C1BFCF /* Project.swift */,
				7B3ED0A71D84D87100C1BFCF /* Role.swift */,
				7B3ED0A91D84D88D00C1BFCF /* Skill.swift */,
				7B3ED0AB1D84D9A300C1BFCF /* Hack.swift */,
			);
			name = Model;
			sourceTree = "<group>";
		};
		7B3ED0A01D84D76500C1BFCF /* Controller */ = {
			isa = PBXGroup;
			children = (
				7B3ED0C01D85332E00C1BFCF /* HacksViewController.swift */,
				7B3ED0C21D8533B500C1BFCF /* HackDetailsViewController.swift */,
				7B3ED0C41D8533CF00C1BFCF /* ProjectsViewController.swift */,
				7B3ED0C61D8533DD00C1BFCF /* ParticipantsViewController.swift */,
				7B3ED0C81D8533ED00C1BFCF /* ProjectDetailsViewController.swift */,
				7B3ED0CA1D8533FD00C1BFCF /* ParticipantDetailsViewController.swift */,
			);
			name = Controller;
			sourceTree = "<group>";
		};
		7B3ED0A11D84D77800C1BFCF /* View */ = {
			isa = PBXGroup;
			children = (
				7B3ED0D41D85359300C1BFCF /* HackCell.swift */,
				7B3ED0EB1D85CB8D00C1BFCF /* ProjectCell.swift */,
				7B3ED0EF1D85CBDF00C1BFCF /* ParticipantCell.swift */,
			);
			name = View;
			sourceTree = "<group>";
		};
		7B3ED0A21D84D79200C1BFCF /* Datastore */ = {
			isa = PBXGroup;
			children = (
				7B3ED0AE1D8512BF00C1BFCF /* DO */,
				7B3ED0DB1D85419E00C1BFCF /* ParseDAO.swift */,
				7B3ED0DD1D85553300C1BFCF /* ParseContext.swift */,
			);
			name = Datastore;
			sourceTree = "<group>";
		};
		7B3ED0AD1D85129E00C1BFCF /* Storyboard */ = {
			isa = PBXGroup;
			children = (
				7B3ED0CC1D85348400C1BFCF /* Hack.storyboard */,
				7B3ED0CE1D85349000C1BFCF /* Project.storyboard */,
				7B3ED0D01D8534C000C1BFCF /* User.storyboard */,
			);
			name = Storyboard;
			sourceTree = "<group>";
		};
		7B3ED0AE1D8512BF00C1BFCF /* DO */ = {
			isa = PBXGroup;
			children = (
				7B3ED0AF1D8512CC00C1BFCF /* UserDO.swift */,
				7B3ED0B41D85141400C1BFCF /* SkillDO.swift */,
				7B3ED0B61D85244900C1BFCF /* RoleDO.swift */,
				7B3ED0B81D8524C500C1BFCF /* HackDO.swift */,
				7B3ED0BA1D8524FD00C1BFCF /* ProjectDO.swift */,
				7B3ED0BD1D85284F00C1BFCF /* HackUserRelationDO.swift */,
			);
			name = DO;
			sourceTree = "<group>";
		};
		7B3ED0B11D85131E00C1BFCF /* Util */ = {
			isa = PBXGroup;
			children = (
				7B3ED0B21D85132800C1BFCF /* Constants.swift */,
			);
			name = Util;
			sourceTree = "<group>";
		};
		7B3ED0BF1D852EF200C1BFCF /* Mapper */ = {
			isa = PBXGroup;
			children = (
				7B3ED0D91D85417E00C1BFCF /* HackMapper.swift */,
				7B3ED0E11D856BEB00C1BFCF /* ProjectMapper.swift */,
				7B3ED0E51D856C0800C1BFCF /* UserMapper.swift */,
			);
			name = Mapper;
			sourceTree = "<group>";
		};
		7B3ED0D61D853D3300C1BFCF /* Manager */ = {
			isa = PBXGroup;
			children = (
				7B3ED0D71D85416200C1BFCF /* HackManager.swift */,
				7B3ED0DF1D856BE100C1BFCF /* ProjectManager.swift */,
				7B3ED0E31D856BF900C1BFCF /* UserManager.swift */,
				7B3ED0E71D85735400C1BFCF /* HackUserManager.swift */,
			);
			name = Manager;
			sourceTree = "<group>";
		};
/* End PBXGroup section */

/* Begin PBXNativeTarget section */
		7B3ED06D1D84D4A700C1BFCF /* HackMatch */ = {
			isa = PBXNativeTarget;
			buildConfigurationList = 7B3ED0961D84D4A700C1BFCF /* Build configuration list for PBXNativeTarget "HackMatch" */;
			buildPhases = (
				14BD2CFB4294BEABF5AA26BD /* [CP] Check Pods Manifest.lock */,
				7B3ED06A1D84D4A700C1BFCF /* Sources */,
				7B3ED06B1D84D4A700C1BFCF /* Frameworks */,
				7B3ED06C1D84D4A700C1BFCF /* Resources */,
				45C6C3CE4733FF15603DDE44 /* [CP] Embed Pods Frameworks */,
				12B92614CC6D5906C3BD047D /* [CP] Copy Pods Resources */,
			);
			buildRules = (
			);
			dependencies = (
			);
			name = HackMatch;
			productName = HackMatch;
			productReference = 7B3ED06E1D84D4A700C1BFCF /* HackMatch.app */;
			productType = "com.apple.product-type.application";
		};
		7B3ED0811D84D4A700C1BFCF /* HackMatchTests */ = {
			isa = PBXNativeTarget;
			buildConfigurationList = 7B3ED0991D84D4A700C1BFCF /* Build configuration list for PBXNativeTarget "HackMatchTests" */;
			buildPhases = (
				5BBA347B82353B56B82C2E9D /* [CP] Check Pods Manifest.lock */,
				7B3ED07E1D84D4A700C1BFCF /* Sources */,
				7B3ED07F1D84D4A700C1BFCF /* Frameworks */,
				7B3ED0801D84D4A700C1BFCF /* Resources */,
				9E6574FF3703D56D0B6D2F03 /* [CP] Embed Pods Frameworks */,
				091F0863C2E6D34F23A64147 /* [CP] Copy Pods Resources */,
			);
			buildRules = (
			);
			dependencies = (
				7B3ED0841D84D4A700C1BFCF /* PBXTargetDependency */,
			);
			name = HackMatchTests;
			productName = HackMatchTests;
			productReference = 7B3ED0821D84D4A700C1BFCF /* HackMatchTests.xctest */;
			productType = "com.apple.product-type.bundle.unit-test";
		};
		7B3ED08C1D84D4A700C1BFCF /* HackMatchUITests */ = {
			isa = PBXNativeTarget;
			buildConfigurationList = 7B3ED09C1D84D4A700C1BFCF /* Build configuration list for PBXNativeTarget "HackMatchUITests" */;
			buildPhases = (
				1234A5033FDDDEE543D6D2EC /* [CP] Check Pods Manifest.lock */,
				7B3ED0891D84D4A700C1BFCF /* Sources */,
				7B3ED08A1D84D4A700C1BFCF /* Frameworks */,
				7B3ED08B1D84D4A700C1BFCF /* Resources */,
				9DE1D247DDDF242CB6C6B0E3 /* [CP] Copy Pods Resources */,
			);
			buildRules = (
			);
			dependencies = (
				7B3ED08F1D84D4A700C1BFCF /* PBXTargetDependency */,
			);
			name = HackMatchUITests;
			productName = HackMatchUITests;
			productReference = 7B3ED08D1D84D4A700C1BFCF /* HackMatchUITests.xctest */;
			productType = "com.apple.product-type.bundle.ui-testing";
		};
/* End PBXNativeTarget section */

/* Begin PBXProject section */
		7B3ED0661D84D4A700C1BFCF /* Project object */ = {
			isa = PBXProject;
			attributes = {
				LastSwiftUpdateCheck = 0730;
				LastUpgradeCheck = 0730;
				ORGANIZATIONNAME = "iOS Group 5";
				TargetAttributes = {
					7B3ED06D1D84D4A700C1BFCF = {
						CreatedOnToolsVersion = 7.3.1;
					};
					7B3ED0811D84D4A700C1BFCF = {
						CreatedOnToolsVersion = 7.3.1;
						TestTargetID = 7B3ED06D1D84D4A700C1BFCF;
					};
					7B3ED08C1D84D4A700C1BFCF = {
						CreatedOnToolsVersion = 7.3.1;
						TestTargetID = 7B3ED06D1D84D4A700C1BFCF;
					};
				};
			};
			buildConfigurationList = 7B3ED0691D84D4A700C1BFCF /* Build configuration list for PBXProject "HackMatch" */;
			compatibilityVersion = "Xcode 3.2";
			developmentRegion = English;
			hasScannedForEncodings = 0;
			knownRegions = (
				en,
				Base,
			);
			mainGroup = 7B3ED0651D84D4A700C1BFCF;
			productRefGroup = 7B3ED06F1D84D4A700C1BFCF /* Products */;
			projectDirPath = "";
			projectRoot = "";
			targets = (
				7B3ED06D1D84D4A700C1BFCF /* HackMatch */,
				7B3ED0811D84D4A700C1BFCF /* HackMatchTests */,
				7B3ED08C1D84D4A700C1BFCF /* HackMatchUITests */,
			);
		};
/* End PBXProject section */

/* Begin PBXResourcesBuildPhase section */
		7B3ED06C1D84D4A700C1BFCF /* Resources */ = {
			isa = PBXResourcesBuildPhase;
			buildActionMask = 2147483647;
			files = (
				7B3ED07C1D84D4A700C1BFCF /* LaunchScreen.storyboard in Resources */,
				7B3ED0CD1D85348400C1BFCF /* Hack.storyboard in Resources */,
				7B3ED0D11D8534C000C1BFCF /* User.storyboard in Resources */,
				7B3ED0CF1D85349000C1BFCF /* Project.storyboard in Resources */,
				7B3ED0791D84D4A700C1BFCF /* Assets.xcassets in Resources */,
				7B3ED0771D84D4A700C1BFCF /* Main.storyboard in Resources */,
			);
			runOnlyForDeploymentPostprocessing = 0;
		};
		7B3ED0801D84D4A700C1BFCF /* Resources */ = {
			isa = PBXResourcesBuildPhase;
			buildActionMask = 2147483647;
			files = (
			);
			runOnlyForDeploymentPostprocessing = 0;
		};
		7B3ED08B1D84D4A700C1BFCF /* Resources */ = {
			isa = PBXResourcesBuildPhase;
			buildActionMask = 2147483647;
			files = (
			);
			runOnlyForDeploymentPostprocessing = 0;
		};
/* End PBXResourcesBuildPhase section */

/* Begin PBXShellScriptBuildPhase section */
		091F0863C2E6D34F23A64147 /* [CP] Copy Pods Resources */ = {
			isa = PBXShellScriptBuildPhase;
			buildActionMask = 2147483647;
			files = (
			);
			inputPaths = (
			);
			name = "[CP] Copy Pods Resources";
			outputPaths = (
			);
			runOnlyForDeploymentPostprocessing = 0;
			shellPath = /bin/sh;
			shellScript = "\"${SRCROOT}/Pods/Target Support Files/Pods-HackMatchTests/Pods-HackMatchTests-resources.sh\"\n";
			showEnvVarsInLog = 0;
		};
		1234A5033FDDDEE543D6D2EC /* [CP] Check Pods Manifest.lock */ = {
			isa = PBXShellScriptBuildPhase;
			buildActionMask = 2147483647;
			files = (
			);
			inputPaths = (
			);
			name = "[CP] Check Pods Manifest.lock";
			outputPaths = (
			);
			runOnlyForDeploymentPostprocessing = 0;
			shellPath = /bin/sh;
			shellScript = "diff \"${PODS_ROOT}/../Podfile.lock\" \"${PODS_ROOT}/Manifest.lock\" > /dev/null\nif [[ $? != 0 ]] ; then\n    cat << EOM\nerror: The sandbox is not in sync with the Podfile.lock. Run 'pod install' or update your CocoaPods installation.\nEOM\n    exit 1\nfi\n";
			showEnvVarsInLog = 0;
		};
		12B92614CC6D5906C3BD047D /* [CP] Copy Pods Resources */ = {
			isa = PBXShellScriptBuildPhase;
			buildActionMask = 2147483647;
			files = (
			);
			inputPaths = (
			);
			name = "[CP] Copy Pods Resources";
			outputPaths = (
			);
			runOnlyForDeploymentPostprocessing = 0;
			shellPath = /bin/sh;
			shellScript = "\"${SRCROOT}/Pods/Target Support Files/Pods-HackMatch/Pods-HackMatch-resources.sh\"\n";
			showEnvVarsInLog = 0;
		};
		14BD2CFB4294BEABF5AA26BD /* [CP] Check Pods Manifest.lock */ = {
			isa = PBXShellScriptBuildPhase;
			buildActionMask = 2147483647;
			files = (
			);
			inputPaths = (
			);
			name = "[CP] Check Pods Manifest.lock";
			outputPaths = (
			);
			runOnlyForDeploymentPostprocessing = 0;
			shellPath = /bin/sh;
			shellScript = "diff \"${PODS_ROOT}/../Podfile.lock\" \"${PODS_ROOT}/Manifest.lock\" > /dev/null\nif [[ $? != 0 ]] ; then\n    cat << EOM\nerror: The sandbox is not in sync with the Podfile.lock. Run 'pod install' or update your CocoaPods installation.\nEOM\n    exit 1\nfi\n";
			showEnvVarsInLog = 0;
		};
		45C6C3CE4733FF15603DDE44 /* [CP] Embed Pods Frameworks */ = {
			isa = PBXShellScriptBuildPhase;
			buildActionMask = 2147483647;
			files = (
			);
			inputPaths = (
			);
			name = "[CP] Embed Pods Frameworks";
			outputPaths = (
			);
			runOnlyForDeploymentPostprocessing = 0;
			shellPath = /bin/sh;
			shellScript = "\"${SRCROOT}/Pods/Target Support Files/Pods-HackMatch/Pods-HackMatch-frameworks.sh\"\n";
			showEnvVarsInLog = 0;
		};
		5BBA347B82353B56B82C2E9D /* [CP] Check Pods Manifest.lock */ = {
			isa = PBXShellScriptBuildPhase;
			buildActionMask = 2147483647;
			files = (
			);
			inputPaths = (
			);
			name = "[CP] Check Pods Manifest.lock";
			outputPaths = (
			);
			runOnlyForDeploymentPostprocessing = 0;
			shellPath = /bin/sh;
			shellScript = "diff \"${PODS_ROOT}/../Podfile.lock\" \"${PODS_ROOT}/Manifest.lock\" > /dev/null\nif [[ $? != 0 ]] ; then\n    cat << EOM\nerror: The sandbox is not in sync with the Podfile.lock. Run 'pod install' or update your CocoaPods installation.\nEOM\n    exit 1\nfi\n";
			showEnvVarsInLog = 0;
		};
		9DE1D247DDDF242CB6C6B0E3 /* [CP] Copy Pods Resources */ = {
			isa = PBXShellScriptBuildPhase;
			buildActionMask = 2147483647;
			files = (
			);
			inputPaths = (
			);
			name = "[CP] Copy Pods Resources";
			outputPaths = (
			);
			runOnlyForDeploymentPostprocessing = 0;
			shellPath = /bin/sh;
			shellScript = "\"${SRCROOT}/Pods/Target Support Files/Pods-HackMatchUITests/Pods-HackMatchUITests-resources.sh\"\n";
			showEnvVarsInLog = 0;
		};
		9E6574FF3703D56D0B6D2F03 /* [CP] Embed Pods Frameworks */ = {
			isa = PBXShellScriptBuildPhase;
			buildActionMask = 2147483647;
			files = (
			);
			inputPaths = (
			);
			name = "[CP] Embed Pods Frameworks";
			outputPaths = (
			);
			runOnlyForDeploymentPostprocessing = 0;
			shellPath = /bin/sh;
			shellScript = "\"${SRCROOT}/Pods/Target Support Files/Pods-HackMatchTests/Pods-HackMatchTests-frameworks.sh\"\n";
			showEnvVarsInLog = 0;
		};
/* End PBXShellScriptBuildPhase section */

/* Begin PBXSourcesBuildPhase section */
		7B3ED06A1D84D4A700C1BFCF /* Sources */ = {
			isa = PBXSourcesBuildPhase;
			buildActionMask = 2147483647;
			files = (
				7B3ED0741D84D4A700C1BFCF /* ViewController.swift in Sources */,
				7B3ED0C51D8533CF00C1BFCF /* ProjectsViewController.swift in Sources */,
				7B3ED0E21D856BEB00C1BFCF /* ProjectMapper.swift in Sources */,
				7B3ED0D51D85359300C1BFCF /* HackCell.swift in Sources */,
				7B3ED0E01D856BE100C1BFCF /* ProjectManager.swift in Sources */,
				7B3ED0E41D856BF900C1BFCF /* UserManager.swift in Sources */,
				7B3ED0B91D8524C500C1BFCF /* HackDO.swift in Sources */,
				7B3ED0B01D8512CC00C1BFCF /* UserDO.swift in Sources */,
				7B3ED0B51D85141400C1BFCF /* SkillDO.swift in Sources */,
				7B3ED0AC1D84D9A300C1BFCF /* Hack.swift in Sources */,
				7B3ED0BB1D8524FD00C1BFCF /* ProjectDO.swift in Sources */,
				7B3ED0DC1D85419E00C1BFCF /* ParseDAO.swift in Sources */,
				7B3ED0DE1D85553300C1BFCF /* ParseContext.swift in Sources */,
				7B3ED0E81D85735400C1BFCF /* HackUserManager.swift in Sources */,
				7B3ED0C31D8533B500C1BFCF /* HackDetailsViewController.swift in Sources */,
				7B3ED0F01D85CBDF00C1BFCF /* ParticipantCell.swift in Sources */,
				7B3ED0DA1D85417E00C1BFCF /* HackMapper.swift in Sources */,
				7B3ED0C91D8533ED00C1BFCF /* ProjectDetailsViewController.swift in Sources */,
				7B3ED0CB1D8533FD00C1BFCF /* ParticipantDetailsViewController.swift in Sources */,
				7B3ED0B71D85244900C1BFCF /* RoleDO.swift in Sources */,
				7B3ED0721D84D4A700C1BFCF /* AppDelegate.swift in Sources */,
				7B3ED0EC1D85CB8D00C1BFCF /* ProjectCell.swift in Sources */,
				7B3ED0BE1D85284F00C1BFCF /* HackUserRelationDO.swift in Sources */,
				7B3ED0D81D85416200C1BFCF /* HackManager.swift in Sources */,
				7B3ED0A41D84D7B400C1BFCF /* User.swift in Sources */,
				7B3ED0AA1D84D88D00C1BFCF /* Skill.swift in Sources */,
				7B3ED0A61D84D85B00C1BFCF /* Project.swift in Sources */,
				7B3ED0E61D856C0800C1BFCF /* UserMapper.swift in Sources */,
				7B3ED0C71D8533DD00C1BFCF /* ParticipantsViewController.swift in Sources */,
				7B3ED0A81D84D87100C1BFCF /* Role.swift in Sources */,
				7B3ED0B31D85132800C1BFCF /* Constants.swift in Sources */,
				7B3ED0C11D85332E00C1BFCF /* HacksViewController.swift in Sources */,
			);
			runOnlyForDeploymentPostprocessing = 0;
		};
		7B3ED07E1D84D4A700C1BFCF /* Sources */ = {
			isa = PBXSourcesBuildPhase;
			buildActionMask = 2147483647;
			files = (
				7B3ED0871D84D4A700C1BFCF /* HackMatchTests.swift in Sources */,
			);
			runOnlyForDeploymentPostprocessing = 0;
		};
		7B3ED0891D84D4A700C1BFCF /* Sources */ = {
			isa = PBXSourcesBuildPhase;
			buildActionMask = 2147483647;
			files = (
				7B3ED0921D84D4A700C1BFCF /* HackMatchUITests.swift in Sources */,
			);
			runOnlyForDeploymentPostprocessing = 0;
		};
/* End PBXSourcesBuildPhase section */

/* Begin PBXTargetDependency section */
		7B3ED0841D84D4A700C1BFCF /* PBXTargetDependency */ = {
			isa = PBXTargetDependency;
			target = 7B3ED06D1D84D4A700C1BFCF /* HackMatch */;
			targetProxy = 7B3ED0831D84D4A700C1BFCF /* PBXContainerItemProxy */;
		};
		7B3ED08F1D84D4A700C1BFCF /* PBXTargetDependency */ = {
			isa = PBXTargetDependency;
			target = 7B3ED06D1D84D4A700C1BFCF /* HackMatch */;
			targetProxy = 7B3ED08E1D84D4A700C1BFCF /* PBXContainerItemProxy */;
		};
/* End PBXTargetDependency section */

/* Begin PBXVariantGroup section */
		7B3ED0751D84D4A700C1BFCF /* Main.storyboard */ = {
			isa = PBXVariantGroup;
			children = (
				7B3ED0761D84D4A700C1BFCF /* Base */,
			);
			name = Main.storyboard;
			sourceTree = "<group>";
		};
		7B3ED07A1D84D4A700C1BFCF /* LaunchScreen.storyboard */ = {
			isa = PBXVariantGroup;
			children = (
				7B3ED07B1D84D4A700C1BFCF /* Base */,
			);
			name = LaunchScreen.storyboard;
			sourceTree = "<group>";
		};
/* End PBXVariantGroup section */

/* Begin XCBuildConfiguration section */
		7B3ED0941D84D4A700C1BFCF /* Debug */ = {
			isa = XCBuildConfiguration;
			buildSettings = {
				ALWAYS_SEARCH_USER_PATHS = NO;
				CLANG_ANALYZER_NONNULL = YES;
				CLANG_CXX_LANGUAGE_STANDARD = "gnu++0x";
				CLANG_CXX_LIBRARY = "libc++";
				CLANG_ENABLE_MODULES = YES;
				CLANG_ENABLE_OBJC_ARC = YES;
				CLANG_WARN_BOOL_CONVERSION = YES;
				CLANG_WARN_CONSTANT_CONVERSION = YES;
				CLANG_WARN_DIRECT_OBJC_ISA_USAGE = YES_ERROR;
				CLANG_WARN_EMPTY_BODY = YES;
				CLANG_WARN_ENUM_CONVERSION = YES;
				CLANG_WARN_INT_CONVERSION = YES;
				CLANG_WARN_OBJC_ROOT_CLASS = YES_ERROR;
				CLANG_WARN_UNREACHABLE_CODE = YES;
				CLANG_WARN__DUPLICATE_METHOD_MATCH = YES;
				"CODE_SIGN_IDENTITY[sdk=iphoneos*]" = "iPhone Developer";
				COPY_PHASE_STRIP = NO;
				DEBUG_INFORMATION_FORMAT = dwarf;
				ENABLE_STRICT_OBJC_MSGSEND = YES;
				ENABLE_TESTABILITY = YES;
				GCC_C_LANGUAGE_STANDARD = gnu99;
				GCC_DYNAMIC_NO_PIC = NO;
				GCC_NO_COMMON_BLOCKS = YES;
				GCC_OPTIMIZATION_LEVEL = 0;
				GCC_PREPROCESSOR_DEFINITIONS = (
					"DEBUG=1",
					"$(inherited)",
				);
				GCC_WARN_64_TO_32_BIT_CONVERSION = YES;
				GCC_WARN_ABOUT_RETURN_TYPE = YES_ERROR;
				GCC_WARN_UNDECLARED_SELECTOR = YES;
				GCC_WARN_UNINITIALIZED_AUTOS = YES_AGGRESSIVE;
				GCC_WARN_UNUSED_FUNCTION = YES;
				GCC_WARN_UNUSED_VARIABLE = YES;
				IPHONEOS_DEPLOYMENT_TARGET = 9.3;
				MTL_ENABLE_DEBUG_INFO = YES;
				ONLY_ACTIVE_ARCH = YES;
				SDKROOT = iphoneos;
				SWIFT_OPTIMIZATION_LEVEL = "-Onone";
			};
			name = Debug;
		};
		7B3ED0951D84D4A700C1BFCF /* Release */ = {
			isa = XCBuildConfiguration;
			buildSettings = {
				ALWAYS_SEARCH_USER_PATHS = NO;
				CLANG_ANALYZER_NONNULL = YES;
				CLANG_CXX_LANGUAGE_STANDARD = "gnu++0x";
				CLANG_CXX_LIBRARY = "libc++";
				CLANG_ENABLE_MODULES = YES;
				CLANG_ENABLE_OBJC_ARC = YES;
				CLANG_WARN_BOOL_CONVERSION = YES;
				CLANG_WARN_CONSTANT_CONVERSION = YES;
				CLANG_WARN_DIRECT_OBJC_ISA_USAGE = YES_ERROR;
				CLANG_WARN_EMPTY_BODY = YES;
				CLANG_WARN_ENUM_CONVERSION = YES;
				CLANG_WARN_INT_CONVERSION = YES;
				CLANG_WARN_OBJC_ROOT_CLASS = YES_ERROR;
				CLANG_WARN_UNREACHABLE_CODE = YES;
				CLANG_WARN__DUPLICATE_METHOD_MATCH = YES;
				"CODE_SIGN_IDENTITY[sdk=iphoneos*]" = "iPhone Developer";
				COPY_PHASE_STRIP = NO;
				DEBUG_INFORMATION_FORMAT = "dwarf-with-dsym";
				ENABLE_NS_ASSERTIONS = NO;
				ENABLE_STRICT_OBJC_MSGSEND = YES;
				GCC_C_LANGUAGE_STANDARD = gnu99;
				GCC_NO_COMMON_BLOCKS = YES;
				GCC_WARN_64_TO_32_BIT_CONVERSION = YES;
				GCC_WARN_ABOUT_RETURN_TYPE = YES_ERROR;
				GCC_WARN_UNDECLARED_SELECTOR = YES;
				GCC_WARN_UNINITIALIZED_AUTOS = YES_AGGRESSIVE;
				GCC_WARN_UNUSED_FUNCTION = YES;
				GCC_WARN_UNUSED_VARIABLE = YES;
				IPHONEOS_DEPLOYMENT_TARGET = 9.3;
				MTL_ENABLE_DEBUG_INFO = NO;
				SDKROOT = iphoneos;
				VALIDATE_PRODUCT = YES;
			};
			name = Release;
		};
		7B3ED0971D84D4A700C1BFCF /* Debug */ = {
			isa = XCBuildConfiguration;
			baseConfigurationReference = C9C33A0D611CD492E0EA0625 /* Pods-HackMatch.debug.xcconfig */;
			buildSettings = {
				ASSETCATALOG_COMPILER_APPICON_NAME = AppIcon;
				INFOPLIST_FILE = HackMatch/Info.plist;
				LD_RUNPATH_SEARCH_PATHS = "$(inherited) @executable_path/Frameworks";
				PRODUCT_BUNDLE_IDENTIFIER = com.ios.hackmatch.HackMatch;
				PRODUCT_NAME = "$(TARGET_NAME)";
			};
			name = Debug;
		};
		7B3ED0981D84D4A700C1BFCF /* Release */ = {
			isa = XCBuildConfiguration;
			baseConfigurationReference = 0F9B409D6D1A00C64234BA0C /* Pods-HackMatch.release.xcconfig */;
			buildSettings = {
				ASSETCATALOG_COMPILER_APPICON_NAME = AppIcon;
				INFOPLIST_FILE = HackMatch/Info.plist;
				LD_RUNPATH_SEARCH_PATHS = "$(inherited) @executable_path/Frameworks";
				PRODUCT_BUNDLE_IDENTIFIER = com.ios.hackmatch.HackMatch;
				PRODUCT_NAME = "$(TARGET_NAME)";
			};
			name = Release;
		};
		7B3ED09A1D84D4A700C1BFCF /* Debug */ = {
			isa = XCBuildConfiguration;
			baseConfigurationReference = 2141FDFE76293225CD5CC5C5 /* Pods-HackMatchTests.debug.xcconfig */;
			buildSettings = {
				BUNDLE_LOADER = "$(TEST_HOST)";
				INFOPLIST_FILE = HackMatchTests/Info.plist;
				LD_RUNPATH_SEARCH_PATHS = "$(inherited) @executable_path/Frameworks @loader_path/Frameworks";
				PRODUCT_BUNDLE_IDENTIFIER = com.ios.hackmatch.HackMatchTests;
				PRODUCT_NAME = "$(TARGET_NAME)";
				TEST_HOST = "$(BUILT_PRODUCTS_DIR)/HackMatch.app/HackMatch";
			};
			name = Debug;
		};
		7B3ED09B1D84D4A700C1BFCF /* Release */ = {
			isa = XCBuildConfiguration;
			baseConfigurationReference = 440CDFFEDDB3F9F083569117 /* Pods-HackMatchTests.release.xcconfig */;
			buildSettings = {
				BUNDLE_LOADER = "$(TEST_HOST)";
				INFOPLIST_FILE = HackMatchTests/Info.plist;
				LD_RUNPATH_SEARCH_PATHS = "$(inherited) @executable_path/Frameworks @loader_path/Frameworks";
				PRODUCT_BUNDLE_IDENTIFIER = com.ios.hackmatch.HackMatchTests;
				PRODUCT_NAME = "$(TARGET_NAME)";
				TEST_HOST = "$(BUILT_PRODUCTS_DIR)/HackMatch.app/HackMatch";
			};
			name = Release;
		};
		7B3ED09D1D84D4A700C1BFCF /* Debug */ = {
			isa = XCBuildConfiguration;
			baseConfigurationReference = 758025C5D905D02ED439CE71 /* Pods-HackMatchUITests.debug.xcconfig */;
			buildSettings = {
				INFOPLIST_FILE = HackMatchUITests/Info.plist;
				LD_RUNPATH_SEARCH_PATHS = "$(inherited) @executable_path/Frameworks @loader_path/Frameworks";
				PRODUCT_BUNDLE_IDENTIFIER = com.ios.hackmatch.HackMatchUITests;
				PRODUCT_NAME = "$(TARGET_NAME)";
				TEST_TARGET_NAME = HackMatch;
			};
			name = Debug;
		};
		7B3ED09E1D84D4A700C1BFCF /* Release */ = {
			isa = XCBuildConfiguration;
			baseConfigurationReference = F7B80A97228F4A809B6BBE5F /* Pods-HackMatchUITests.release.xcconfig */;
			buildSettings = {
				INFOPLIST_FILE = HackMatchUITests/Info.plist;
				LD_RUNPATH_SEARCH_PATHS = "$(inherited) @executable_path/Frameworks @loader_path/Frameworks";
				PRODUCT_BUNDLE_IDENTIFIER = com.ios.hackmatch.HackMatchUITests;
				PRODUCT_NAME = "$(TARGET_NAME)";
				TEST_TARGET_NAME = HackMatch;
			};
			name = Release;
		};
/* End XCBuildConfiguration section */

/* Begin XCConfigurationList section */
		7B3ED0691D84D4A700C1BFCF /* Build configuration list for PBXProject "HackMatch" */ = {
			isa = XCConfigurationList;
			buildConfigurations = (
				7B3ED0941D84D4A700C1BFCF /* Debug */,
				7B3ED0951D84D4A700C1BFCF /* Release */,
			);
			defaultConfigurationIsVisible = 0;
			defaultConfigurationName = Release;
		};
		7B3ED0961D84D4A700C1BFCF /* Build configuration list for PBXNativeTarget "HackMatch" */ = {
			isa = XCConfigurationList;
			buildConfigurations = (
				7B3ED0971D84D4A700C1BFCF /* Debug */,
				7B3ED0981D84D4A700C1BFCF /* Release */,
			);
			defaultConfigurationIsVisible = 0;
			defaultConfigurationName = Release;
		};
		7B3ED0991D84D4A700C1BFCF /* Build configuration list for PBXNativeTarget "HackMatchTests" */ = {
			isa = XCConfigurationList;
			buildConfigurations = (
				7B3ED09A1D84D4A700C1BFCF /* Debug */,
				7B3ED09B1D84D4A700C1BFCF /* Release */,
			);
			defaultConfigurationIsVisible = 0;
			defaultConfigurationName = Release;
		};
		7B3ED09C1D84D4A700C1BFCF /* Build configuration list for PBXNativeTarget "HackMatchUITests" */ = {
			isa = XCConfigurationList;
			buildConfigurations = (
				7B3ED09D1D84D4A700C1BFCF /* Debug */,
				7B3ED09E1D84D4A700C1BFCF /* Release */,
			);
			defaultConfigurationIsVisible = 0;
			defaultConfigurationName = Release;
		};
/* End XCConfigurationList section */
	};
	rootObject = 7B3ED0661D84D4A700C1BFCF /* Project object */;
}
